
Microsoft Visual Studio Solution File, Format Version 12.00
# Visual Studio Version 17
VisualStudioVersion = 17.4.33205.214
MinimumVisualStudioVersion = 10.0.40219.1
Project("{FAE04EC0-301F-11D3-BF4B-00C04F79EFBC}") = "ReactErp", "ReactErp\ReactErp.csproj", "{D5B4F28D-829F-40CA-B7B0-73665E93C1DE}"
EndProject
Global
	GlobalSection(SolutionConfigurationPlatforms) = preSolution
		Debug|Any CPU = Debug|Any CPU
		Release|Any CPU = Release|Any CPU
	EndGlobalSection
	GlobalSection(ProjectConfigurationPlatforms) = postSolution
		{D5B4F28D-829F-40CA-B7B0-73665E93C1DE}.Debug|Any CPU.ActiveCfg = Debug|Any CPU
		{D5B4F28D-829F-40CA-B7B0-73665E93C1DE}.Debug|Any CPU.Build.0 = Debug|Any CPU
		{D5B4F28D-829F-40CA-B7B0-73665E93C1DE}.Release|Any CPU.ActiveCfg = Release|Any CPU
		{D5B4F28D-829F-40CA-B7B0-73665E93C1DE}.Release|Any CPU.Build.0 = Release|Any CPU
	EndGlobalSection
	GlobalSection(SolutionProperties) = preSolution
		HideSolutionNode = FALSE
	EndGlobalSection
	GlobalSection(ExtensibilityGlobals) = postSolution
		SolutionGuid = {36B722FF-3A00-4020-A25C-7633EC8417BE}
	EndGlobalSection
EndGlobal
